// !$*UTF8*$!
{
	archiveVersion = 1;
	classes = {
	};
	objectVersion = 46;
	objects = {

/* Begin PBXBuildFile section */
		3D2585D81B8C4AC500D6522F /* TestBtn.m in Sources */ = {isa = PBXBuildFile; fileRef = 3D2585D71B8C4AC500D6522F /* TestBtn.m */; };
		3D2585EF1B8C6A9F00D6522F /* Guide-1.png in Resources */ = {isa = PBXBuildFile; fileRef = 3D2585EC1B8C6A9F00D6522F /* Guide-1.png */; };
		3D2585F01B8C6A9F00D6522F /* Guide-2.png in Resources */ = {isa = PBXBuildFile; fileRef = 3D2585ED1B8C6A9F00D6522F /* Guide-2.png */; };
		3D2585F11B8C6A9F00D6522F /* Guide-3.png in Resources */ = {isa = PBXBuildFile; fileRef = 3D2585EE1B8C6A9F00D6522F /* Guide-3.png */; };
		3D49DA8F1B74BAFC00CCB562 /* IPHelper.m in Sources */ = {isa = PBXBuildFile; fileRef = 3D49DA8E1B74BAFC00CCB562 /* IPHelper.m */; };
		3D657EAC1B8AF92C00A1F05C /* MyAlertView.m in Sources */ = {isa = PBXBuildFile; fileRef = 3D657EAB1B8AF92C00A1F05C /* MyAlertView.m */; };
		3D8074BC1B8F09AC0041B1DF /* ViewController.xib in Resources */ = {isa = PBXBuildFile; fileRef = 3D8074BB1B8F09AC0041B1DF /* ViewController.xib */; };
		3D845F9C1B7482890083FC52 /* main.m in Sources */ = {isa = PBXBuildFile; fileRef = 3D845F9B1B7482890083FC52 /* main.m */; };
		3D845F9F1B7482890083FC52 /* AppDelegate.m in Sources */ = {isa = PBXBuildFile; fileRef = 3D845F9E1B7482890083FC52 /* AppDelegate.m */; };
		3D845FA21B7482890083FC52 /* ViewController.m in Sources */ = {isa = PBXBuildFile; fileRef = 3D845FA11B7482890083FC52 /* ViewController.m */; };
		3D845FA71B7482890083FC52 /* Images.xcassets in Resources */ = {isa = PBXBuildFile; fileRef = 3D845FA61B7482890083FC52 /* Images.xcassets */; };
		3D845FAA1B7482890083FC52 /* LaunchScreen.xib in Resources */ = {isa = PBXBuildFile; fileRef = 3D845FA81B7482890083FC52 /* LaunchScreen.xib */; };
		3D845FB61B7482890083FC52 /* settingsTestTests.m in Sources */ = {isa = PBXBuildFile; fileRef = 3D845FB51B7482890083FC52 /* settingsTestTests.m */; };
		3D845FC01B7482A80083FC52 /* Settings.bundle in Resources */ = {isa = PBXBuildFile; fileRef = 3D845FBF1B7482A80083FC52 /* Settings.bundle */; };
		3D856F0A1B9E1167004A47A3 /* YBImgPickerTableViewCell.m in Sources */ = {isa = PBXBuildFile; fileRef = 3D856F011B9E1167004A47A3 /* YBImgPickerTableViewCell.m */; };
		3D856F0C1B9E1167004A47A3 /* YBimgPickerView.bundle in Resources */ = {isa = PBXBuildFile; fileRef = 3D856F031B9E1167004A47A3 /* YBimgPickerView.bundle */; };
		3D856F0D1B9E1167004A47A3 /* YBImgPickerViewCell.m in Sources */ = {isa = PBXBuildFile; fileRef = 3D856F051B9E1167004A47A3 /* YBImgPickerViewCell.m */; };
		3D856F0F1B9E1167004A47A3 /* YBImgPickerViewController.m in Sources */ = {isa = PBXBuildFile; fileRef = 3D856F081B9E1167004A47A3 /* YBImgPickerViewController.m */; };
		3D856F1A1B9E12AA004A47A3 /* YBImgPickerTableViewCell.xib in Resources */ = {isa = PBXBuildFile; fileRef = 3D856F171B9E12AA004A47A3 /* YBImgPickerTableViewCell.xib */; };
		3D856F1B1B9E12AA004A47A3 /* YBImgPickerViewCell.xib in Resources */ = {isa = PBXBuildFile; fileRef = 3D856F181B9E12AA004A47A3 /* YBImgPickerViewCell.xib */; };
		3D856F1C1B9E12AA004A47A3 /* YBImgPickerViewController.xib in Resources */ = {isa = PBXBuildFile; fileRef = 3D856F191B9E12AA004A47A3 /* YBImgPickerViewController.xib */; };
/* End PBXBuildFile section */

/* Begin PBXContainerItemProxy section */
		3D845FB01B7482890083FC52 /* PBXContainerItemProxy */ = {
			isa = PBXContainerItemProxy;
			containerPortal = 3D845F8E1B7482890083FC52 /* Project object */;
			proxyType = 1;
			remoteGlobalIDString = 3D845F951B7482890083FC52;
			remoteInfo = settingsTest;
		};
/* End PBXContainerItemProxy section */

/* Begin PBXFileReference section */
		3D2585D61B8C4AC500D6522F /* TestBtn.h */ = {isa = PBXFileReference; fileEncoding = 4; lastKnownFileType = sourcecode.c.h; path = TestBtn.h; sourceTree = "<group>"; };
		3D2585D71B8C4AC500D6522F /* TestBtn.m */ = {isa = PBXFileReference; fileEncoding = 4; lastKnownFileType = sourcecode.c.objc; path = TestBtn.m; sourceTree = "<group>"; };
		3D2585EC1B8C6A9F00D6522F /* Guide-1.png */ = {isa = PBXFileReference; lastKnownFileType = image.png; path = "Guide-1.png"; sourceTree = "<group>"; };
		3D2585ED1B8C6A9F00D6522F /* Guide-2.png */ = {isa = PBXFileReference; lastKnownFileType = image.png; path = "Guide-2.png"; sourceTree = "<group>"; };
		3D2585EE1B8C6A9F00D6522F /* Guide-3.png */ = {isa = PBXFileReference; lastKnownFileType = image.png; path = "Guide-3.png"; sourceTree = "<group>"; };
		3D49DA8D1B74BAFC00CCB562 /* IPHelper.h */ = {isa = PBXFileReference; fileEncoding = 4; lastKnownFileType = sourcecode.c.h; path = IPHelper.h; sourceTree = "<group>"; };
		3D49DA8E1B74BAFC00CCB562 /* IPHelper.m */ = {isa = PBXFileReference; fileEncoding = 4; lastKnownFileType = sourcecode.c.objc; path = IPHelper.m; sourceTree = "<group>"; };
		3D657EAA1B8AF92C00A1F05C /* MyAlertView.h */ = {isa = PBXFileReference; fileEncoding = 4; lastKnownFileType = sourcecode.c.h; path = MyAlertView.h; sourceTree = "<group>"; };
		3D657EAB1B8AF92C00A1F05C /* MyAlertView.m */ = {isa = PBXFileReference; fileEncoding = 4; lastKnownFileType = sourcecode.c.objc; path = MyAlertView.m; sourceTree = "<group>"; };
		3D8074BB1B8F09AC0041B1DF /* ViewController.xib */ = {isa = PBXFileReference; fileEncoding = 4; lastKnownFileType = file.xib; path = ViewController.xib; sourceTree = "<group>"; };
		3D845F961B7482890083FC52 /* settingsTest.app */ = {isa = PBXFileReference; explicitFileType = wrapper.application; includeInIndex = 0; path = settingsTest.app; sourceTree = BUILT_PRODUCTS_DIR; };
		3D845F9A1B7482890083FC52 /* Info.plist */ = {isa = PBXFileReference; lastKnownFileType = text.plist.xml; path = Info.plist; sourceTree = "<group>"; };
		3D845F9B1B7482890083FC52 /* main.m */ = {isa = PBXFileReference; lastKnownFileType = sourcecode.c.objc; path = main.m; sourceTree = "<group>"; };
		3D845F9D1B7482890083FC52 /* AppDelegate.h */ = {isa = PBXFileReference; lastKnownFileType = sourcecode.c.h; path = AppDelegate.h; sourceTree = "<group>"; };
		3D845F9E1B7482890083FC52 /* AppDelegate.m */ = {isa = PBXFileReference; lastKnownFileType = sourcecode.c.objc; path = AppDelegate.m; sourceTree = "<group>"; };
		3D845FA01B7482890083FC52 /* ViewController.h */ = {isa = PBXFileReference; lastKnownFileType = sourcecode.c.h; path = ViewController.h; sourceTree = "<group>"; };
		3D845FA11B7482890083FC52 /* ViewController.m */ = {isa = PBXFileReference; lastKnownFileType = sourcecode.c.objc; path = ViewController.m; sourceTree = "<group>"; };
		3D845FA61B7482890083FC52 /* Images.xcassets */ = {isa = PBXFileReference; lastKnownFileType = folder.assetcatalog; path = Images.xcassets; sourceTree = "<group>"; };
		3D845FA91B7482890083FC52 /* Base */ = {isa = PBXFileReference; lastKnownFileType = file.xib; name = Base; path = Base.lproj/LaunchScreen.xib; sourceTree = "<group>"; };
		3D845FAF1B7482890083FC52 /* settingsTestTests.xctest */ = {isa = PBXFileReference; explicitFileType = wrapper.cfbundle; includeInIndex = 0; path = settingsTestTests.xctest; sourceTree = BUILT_PRODUCTS_DIR; };
		3D845FB41B7482890083FC52 /* Info.plist */ = {isa = PBXFileReference; lastKnownFileType = text.plist.xml; path = Info.plist; sourceTree = "<group>"; };
		3D845FB51B7482890083FC52 /* settingsTestTests.m */ = {isa = PBXFileReference; lastKnownFileType = sourcecode.c.objc; path = settingsTestTests.m; sourceTree = "<group>"; };
		3D845FBF1B7482A80083FC52 /* Settings.bundle */ = {isa = PBXFileReference; lastKnownFileType = "wrapper.plug-in"; path = Settings.bundle; sourceTree = "<group>"; };
		3D856F001B9E1167004A47A3 /* YBImgPickerTableViewCell.h */ = {isa = PBXFileReference; fileEncoding = 4; lastKnownFileType = sourcecode.c.h; path = YBImgPickerTableViewCell.h; sourceTree = "<group>"; };
		3D856F011B9E1167004A47A3 /* YBImgPickerTableViewCell.m */ = {isa = PBXFileReference; fileEncoding = 4; lastKnownFileType = sourcecode.c.objc; path = YBImgPickerTableViewCell.m; sourceTree = "<group>"; };
		3D856F031B9E1167004A47A3 /* YBimgPickerView.bundle */ = {isa = PBXFileReference; lastKnownFileType = "wrapper.plug-in"; path = YBimgPickerView.bundle; sourceTree = "<group>"; };
		3D856F041B9E1167004A47A3 /* YBImgPickerViewCell.h */ = {isa = PBXFileReference; fileEncoding = 4; lastKnownFileType = sourcecode.c.h; path = YBImgPickerViewCell.h; sourceTree = "<group>"; };
		3D856F051B9E1167004A47A3 /* YBImgPickerViewCell.m */ = {isa = PBXFileReference; fileEncoding = 4; lastKnownFileType = sourcecode.c.objc; path = YBImgPickerViewCell.m; sourceTree = "<group>"; };
		3D856F071B9E1167004A47A3 /* YBImgPickerViewController.h */ = {isa = PBXFileReference; fileEncoding = 4; lastKnownFileType = sourcecode.c.h; path = YBImgPickerViewController.h; sourceTree = "<group>"; };
		3D856F081B9E1167004A47A3 /* YBImgPickerViewController.m */ = {isa = PBXFileReference; fileEncoding = 4; lastKnownFileType = sourcecode.c.objc; path = YBImgPickerViewController.m; sourceTree = "<group>"; };
		3D856F171B9E12AA004A47A3 /* YBImgPickerTableViewCell.xib */ = {isa = PBXFileReference; fileEncoding = 4; lastKnownFileType = file.xib; path = YBImgPickerTableViewCell.xib; sourceTree = "<group>"; };
		3D856F181B9E12AA004A47A3 /* YBImgPickerViewCell.xib */ = {isa = PBXFileReference; fileEncoding = 4; lastKnownFileType = file.xib; path = YBImgPickerViewCell.xib; sourceTree = "<group>"; };
		3D856F191B9E12AA004A47A3 /* YBImgPickerViewController.xib */ = {isa = PBXFileReference; fileEncoding = 4; lastKnownFileType = file.xib; path = YBImgPickerViewController.xib; sourceTree = "<group>"; };
/* End PBXFileReference section */

/* Begin PBXFrameworksBuildPhase section */
		3D845F931B7482890083FC52 /* Frameworks */ = {
			isa = PBXFrameworksBuildPhase;
			buildActionMask = 2147483647;
			files = (
			);
			runOnlyForDeploymentPostprocessing = 0;
		};
		3D845FAC1B7482890083FC52 /* Frameworks */ = {
			isa = PBXFrameworksBuildPhase;
			buildActionMask = 2147483647;
			files = (
			);
			runOnlyForDeploymentPostprocessing = 0;
		};
/* End PBXFrameworksBuildPhase section */

/* Begin PBXGroup section */
		3D845F8D1B7482890083FC52 = {
			isa = PBXGroup;
			children = (
				3D856EFF1B9E1167004A47A3 /* YBImgPicker */,
				3D845F981B7482890083FC52 /* settingsTest */,
				3D845FB21B7482890083FC52 /* settingsTestTests */,
				3D845F971B7482890083FC52 /* Products */,
			);
			sourceTree = "<group>";
		};
		3D845F971B7482890083FC52 /* Products */ = {
			isa = PBXGroup;
			children = (
				3D845F961B7482890083FC52 /* settingsTest.app */,
				3D845FAF1B7482890083FC52 /* settingsTestTests.xctest */,
			);
			name = Products;
			sourceTree = "<group>";
		};
		3D845F981B7482890083FC52 /* settingsTest */ = {
			isa = PBXGroup;
			children = (
				3D2585EC1B8C6A9F00D6522F /* Guide-1.png */,
				3D2585ED1B8C6A9F00D6522F /* Guide-2.png */,
				3D2585EE1B8C6A9F00D6522F /* Guide-3.png */,
				3D845F9D1B7482890083FC52 /* AppDelegate.h */,
				3D845F9E1B7482890083FC52 /* AppDelegate.m */,
				3D845FA01B7482890083FC52 /* ViewController.h */,
				3D845FA11B7482890083FC52 /* ViewController.m */,
				3D8074BB1B8F09AC0041B1DF /* ViewController.xib */,
				3D845FBF1B7482A80083FC52 /* Settings.bundle */,
				3D845FA61B7482890083FC52 /* Images.xcassets */,
				3D845FA81B7482890083FC52 /* LaunchScreen.xib */,
				3D845F991B7482890083FC52 /* Supporting Files */,
				3D49DA8D1B74BAFC00CCB562 /* IPHelper.h */,
				3D49DA8E1B74BAFC00CCB562 /* IPHelper.m */,
				3D657EAA1B8AF92C00A1F05C /* MyAlertView.h */,
				3D657EAB1B8AF92C00A1F05C /* MyAlertView.m */,
				3D2585D61B8C4AC500D6522F /* TestBtn.h */,
				3D2585D71B8C4AC500D6522F /* TestBtn.m */,
			);
			path = settingsTest;
			sourceTree = "<group>";
		};
		3D845F991B7482890083FC52 /* Supporting Files */ = {
			isa = PBXGroup;
			children = (
				3D845F9A1B7482890083FC52 /* Info.plist */,
				3D845F9B1B7482890083FC52 /* main.m */,
			);
			name = "Supporting Files";
			sourceTree = "<group>";
		};
		3D845FB21B7482890083FC52 /* settingsTestTests */ = {
			isa = PBXGroup;
			children = (
				3D845FB51B7482890083FC52 /* settingsTestTests.m */,
				3D845FB31B7482890083FC52 /* Supporting Files */,
			);
			path = settingsTestTests;
			sourceTree = "<group>";
		};
		3D845FB31B7482890083FC52 /* Supporting Files */ = {
			isa = PBXGroup;
			children = (
				3D845FB41B7482890083FC52 /* Info.plist */,
			);
			name = "Supporting Files";
			sourceTree = "<group>";
		};
		3D856EFF1B9E1167004A47A3 /* YBImgPicker */ = {
			isa = PBXGroup;
			children = (
				3D856F171B9E12AA004A47A3 /* YBImgPickerTableViewCell.xib */,
				3D856F181B9E12AA004A47A3 /* YBImgPickerViewCell.xib */,
				3D856F191B9E12AA004A47A3 /* YBImgPickerViewController.xib */,
				3D856F001B9E1167004A47A3 /* YBImgPickerTableViewCell.h */,
				3D856F011B9E1167004A47A3 /* YBImgPickerTableViewCell.m */,
				3D856F031B9E1167004A47A3 /* YBimgPickerView.bundle */,
				3D856F041B9E1167004A47A3 /* YBImgPickerViewCell.h */,
				3D856F051B9E1167004A47A3 /* YBImgPickerViewCell.m */,
				3D856F071B9E1167004A47A3 /* YBImgPickerViewController.h */,
				3D856F081B9E1167004A47A3 /* YBImgPickerViewController.m */,
			);
			path = YBImgPicker;
			sourceTree = "<group>";
		};
/* End PBXGroup section */

/* Begin PBXNativeTarget section */
		3D845F951B7482890083FC52 /* settingsTest */ = {
			isa = PBXNativeTarget;
			buildConfigurationList = 3D845FB91B7482890083FC52 /* Build configuration list for PBXNativeTarget "settingsTest" */;
			buildPhases = (
				3D845F921B7482890083FC52 /* Sources */,
				3D845F931B7482890083FC52 /* Frameworks */,
				3D845F941B7482890083FC52 /* Resources */,
			);
			buildRules = (
			);
			dependencies = (
			);
			name = settingsTest;
			productName = settingsTest;
			productReference = 3D845F961B7482890083FC52 /* settingsTest.app */;
			productType = "com.apple.product-type.application";
		};
		3D845FAE1B7482890083FC52 /* settingsTestTests */ = {
			isa = PBXNativeTarget;
			buildConfigurationList = 3D845FBC1B7482890083FC52 /* Build configuration list for PBXNativeTarget "settingsTestTests" */;
			buildPhases = (
				3D845FAB1B7482890083FC52 /* Sources */,
				3D845FAC1B7482890083FC52 /* Frameworks */,
				3D845FAD1B7482890083FC52 /* Resources */,
			);
			buildRules = (
			);
			dependencies = (
				3D845FB11B7482890083FC52 /* PBXTargetDependency */,
			);
			name = settingsTestTests;
			productName = settingsTestTests;
			productReference = 3D845FAF1B7482890083FC52 /* settingsTestTests.xctest */;
			productType = "com.apple.product-type.bundle.unit-test";
		};
/* End PBXNativeTarget section */

/* Begin PBXProject section */
		3D845F8E1B7482890083FC52 /* Project object */ = {
			isa = PBXProject;
			attributes = {
				LastUpgradeCheck = 0640;
				ORGANIZATIONNAME = "宋奕兴";
				TargetAttributes = {
					3D845F951B7482890083FC52 = {
						CreatedOnToolsVersion = 6.4;
					};
					3D845FAE1B7482890083FC52 = {
						CreatedOnToolsVersion = 6.4;
						TestTargetID = 3D845F951B7482890083FC52;
					};
				};
			};
			buildConfigurationList = 3D845F911B7482890083FC52 /* Build configuration list for PBXProject "settingsTest" */;
			compatibilityVersion = "Xcode 3.2";
			developmentRegion = English;
			hasScannedForEncodings = 0;
			knownRegions = (
				en,
				Base,
			);
			mainGroup = 3D845F8D1B7482890083FC52;
			productRefGroup = 3D845F971B7482890083FC52 /* Products */;
			projectDirPath = "";
			projectRoot = "";
			targets = (
				3D845F951B7482890083FC52 /* settingsTest */,
				3D845FAE1B7482890083FC52 /* settingsTestTests */,
			);
		};
/* End PBXProject section */

/* Begin PBXResourcesBuildPhase section */
		3D845F941B7482890083FC52 /* Resources */ = {
			isa = PBXResourcesBuildPhase;
			buildActionMask = 2147483647;
			files = (
				3D2585F01B8C6A9F00D6522F /* Guide-2.png in Resources */,
				3D8074BC1B8F09AC0041B1DF /* ViewController.xib in Resources */,
				3D845FC01B7482A80083FC52 /* Settings.bundle in Resources */,
				3D2585F11B8C6A9F00D6522F /* Guide-3.png in Resources */,
				3D856F0C1B9E1167004A47A3 /* YBimgPickerView.bundle in Resources */,
				3D845FAA1B7482890083FC52 /* LaunchScreen.xib in Resources */,
				3D2585EF1B8C6A9F00D6522F /* Guide-1.png in Resources */,
				3D845FA71B7482890083FC52 /* Images.xcassets in Resources */,
				3D856F1C1B9E12AA004A47A3 /* YBImgPickerViewController.xib in Resources */,
				3D856F1A1B9E12AA004A47A3 /* YBImgPickerTableViewCell.xib in Resources */,
				3D856F1B1B9E12AA004A47A3 /* YBImgPickerViewCell.xib in Resources */,
			);
			runOnlyForDeploymentPostprocessing = 0;
		};
		3D845FAD1B7482890083FC52 /* Resources */ = {
			isa = PBXResourcesBuildPhase;
			buildActionMask = 2147483647;
			files = (
			);
			runOnlyForDeploymentPostprocessing = 0;
		};
/* End PBXResourcesBuildPhase section */

/* Begin PBXSourcesBuildPhase section */
		3D845F921B7482890083FC52 /* Sources */ = {
			isa = PBXSourcesBuildPhase;
			buildActionMask = 2147483647;
			files = (
				3D856F0A1B9E1167004A47A3 /* YBImgPickerTableViewCell.m in Sources */,
				3D2585D81B8C4AC500D6522F /* TestBtn.m in Sources */,
				3D657EAC1B8AF92C00A1F05C /* MyAlertView.m in Sources */,
				3D845FA21B7482890083FC52 /* ViewController.m in Sources */,
				3D845F9F1B7482890083FC52 /* AppDelegate.m in Sources */,
				3D49DA8F1B74BAFC00CCB562 /* IPHelper.m in Sources */,
				3D856F0D1B9E1167004A47A3 /* YBImgPickerViewCell.m in Sources */,
				3D845F9C1B7482890083FC52 /* main.m in Sources */,
				3D856F0F1B9E1167004A47A3 /* YBImgPickerViewController.m in Sources */,
			);
			runOnlyForDeploymentPostprocessing = 0;
		};
		3D845FAB1B7482890083FC52 /* Sources */ = {
			isa = PBXSourcesBuildPhase;
			buildActionMask = 2147483647;
			files = (
				3D845FB61B7482890083FC52 /* settingsTestTests.m in Sources */,
			);
			runOnlyForDeploymentPostprocessing = 0;
		};
/* End PBXSourcesBuildPhase section */

/* Begin PBXTargetDependency section */
		3D845FB11B7482890083FC52 /* PBXTargetDependency */ = {
			isa = PBXTargetDependency;
			target = 3D845F951B7482890083FC52 /* settingsTest */;
			targetProxy = 3D845FB01B7482890083FC52 /* PBXContainerItemProxy */;
		};
/* End PBXTargetDependency section */

/* Begin PBXVariantGroup section */
		3D845FA81B7482890083FC52 /* LaunchScreen.xib */ = {
			isa = PBXVariantGroup;
			children = (
				3D845FA91B7482890083FC52 /* Base */,
			);
			name = LaunchScreen.xib;
			sourceTree = "<group>";
		};
/* End PBXVariantGroup section */

/* Begin XCBuildConfiguration section */
		3D845FB71B7482890083FC52 /* Debug */ = {
			isa = XCBuildConfiguration;
			buildSettings = {
				ALWAYS_SEARCH_USER_PATHS = NO;
				CLANG_CXX_LANGUAGE_STANDARD = "gnu++0x";
				CLANG_CXX_LIBRARY = "libc++";
				CLANG_ENABLE_MODULES = YES;
				CLANG_ENABLE_OBJC_ARC = YES;
				CLANG_WARN_BOOL_CONVERSION = YES;
				CLANG_WARN_CONSTANT_CONVERSION = YES;
				CLANG_WARN_DIRECT_OBJC_ISA_USAGE = YES_ERROR;
				CLANG_WARN_EMPTY_BODY = YES;
				CLANG_WARN_ENUM_CONVERSION = YES;
				CLANG_WARN_INT_CONVERSION = YES;
				CLANG_WARN_OBJC_ROOT_CLASS = YES_ERROR;
				CLANG_WARN_UNREACHABLE_CODE = YES;
				CLANG_WARN__DUPLICATE_METHOD_MATCH = YES;
				"CODE_SIGN_IDENTITY[sdk=iphoneos*]" = "iPhone Developer";
				COPY_PHASE_STRIP = NO;
				DEBUG_INFORMATION_FORMAT = "dwarf-with-dsym";
				ENABLE_STRICT_OBJC_MSGSEND = YES;
				GCC_C_LANGUAGE_STANDARD = gnu99;
				GCC_DYNAMIC_NO_PIC = NO;
				GCC_NO_COMMON_BLOCKS = YES;
				GCC_OPTIMIZATION_LEVEL = 0;
				GCC_PREPROCESSOR_DEFINITIONS = (
					"DEBUG=1",
					"$(inherited)",
				);
				GCC_SYMBOLS_PRIVATE_EXTERN = NO;
				GCC_WARN_64_TO_32_BIT_CONVERSION = YES;
				GCC_WARN_ABOUT_RETURN_TYPE = YES_ERROR;
				GCC_WARN_UNDECLARED_SELECTOR = YES;
				GCC_WARN_UNINITIALIZED_AUTOS = YES_AGGRESSIVE;
				GCC_WARN_UNUSED_FUNCTION = YES;
				GCC_WARN_UNUSED_VARIABLE = YES;
				IPHONEOS_DEPLOYMENT_TARGET = 8.4;
				MTL_ENABLE_DEBUG_INFO = YES;
				ONLY_ACTIVE_ARCH = YES;
				SDKROOT = iphoneos;
			};
			name = Debug;
		};
		3D845FB81B7482890083FC52 /* Release */ = {
			isa = XCBuildConfiguration;
			buildSettings = {
				ALWAYS_SEARCH_USER_PATHS = NO;
				CLANG_CXX_LANGUAGE_STANDARD = "gnu++0x";
				CLANG_CXX_LIBRARY = "libc++";
				CLANG_ENABLE_MODULES = YES;
				CLANG_ENABLE_OBJC_ARC = YES;
				CLANG_WARN_BOOL_CONVERSION = YES;
				CLANG_WARN_CONSTANT_CONVERSION = YES;
				CLANG_WARN_DIRECT_OBJC_ISA_USAGE = YES_ERROR;
				CLANG_WARN_EMPTY_BODY = YES;
				CLANG_WARN_ENUM_CONVERSION = YES;
				CLANG_WARN_INT_CONVERSION = YES;
				CLANG_WARN_OBJC_ROOT_CLASS = YES_ERROR;
				CLANG_WARN_UNREACHABLE_CODE = YES;
				CLANG_WARN__DUPLICATE_METHOD_MATCH = YES;
				"CODE_SIGN_IDENTITY[sdk=iphoneos*]" = "iPhone Developer";
				COPY_PHASE_STRIP = NO;
				DEBUG_INFORMATION_FORMAT = "dwarf-with-dsym";
				ENABLE_NS_ASSERTIONS = NO;
				ENABLE_STRICT_OBJC_MSGSEND = YES;
				GCC_C_LANGUAGE_STANDARD = gnu99;
				GCC_NO_COMMON_BLOCKS = YES;
				GCC_WARN_64_TO_32_BIT_CONVERSION = YES;
				GCC_WARN_ABOUT_RETURN_TYPE = YES_ERROR;
				GCC_WARN_UNDECLARED_SELECTOR = YES;
				GCC_WARN_UNINITIALIZED_AUTOS = YES_AGGRESSIVE;
				GCC_WARN_UNUSED_FUNCTION = YES;
				GCC_WARN_UNUSED_VARIABLE = YES;
				IPHONEOS_DEPLOYMENT_TARGET = 8.4;
				MTL_ENABLE_DEBUG_INFO = NO;
				SDKROOT = iphoneos;
				VALIDATE_PRODUCT = YES;
			};
			name = Release;
		};
		3D845FBA1B7482890083FC52 /* Debug */ = {
			isa = XCBuildConfiguration;
			buildSettings = {
				ASSETCATALOG_COMPILER_APPICON_NAME = AppIcon;
				GCC_PRECOMPILE_PREFIX_HEADER = YES;
				GCC_PREFIX_HEADER = "";
				INFOPLIST_FILE = settingsTest/Info.plist;
				LD_RUNPATH_SEARCH_PATHS = "$(inherited) @executable_path/Frameworks";
				LIBRARY_SEARCH_PATHS = (
					"$(inherited)",
					"$(SDKROOT)/usr/lib/system",
					"$(PROJECT_DIR)/settingsTest/YBLib/LevelDB",
				);
				OTHER_LDFLAGS = "";
				PRODUCT_NAME = "$(TARGET_NAME)";
			};
			name = Debug;
		};
		3D845FBB1B7482890083FC52 /* Release */ = {
			isa = XCBuildConfiguration;
			buildSettings = {
				ASSETCATALOG_COMPILER_APPICON_NAME = AppIcon;
				GCC_PRECOMPILE_PREFIX_HEADER = YES;
				GCC_PREFIX_HEADER = "";
				INFOPLIST_FILE = settingsTest/Info.plist;
				LD_RUNPATH_SEARCH_PATHS = "$(inherited) @executable_path/Frameworks";
				LIBRARY_SEARCH_PATHS = (
					"$(inherited)",
					"$(SDKROOT)/usr/lib/system",
					"$(PROJECT_DIR)/settingsTest/YBLib/LevelDB",
				);
				OTHER_LDFLAGS = "";
				PRODUCT_NAME = "$(TARGET_NAME)";
			};
			name = Release;
		};
		3D845FBD1B7482890083FC52 /* Debug */ = {
			isa = XCBuildConfiguration;
			buildSettings = {
				BUNDLE_LOADER = "$(TEST_HOST)";
				FRAMEWORK_SEARCH_PATHS = (
					"$(SDKROOT)/Developer/Library/Frameworks",
					"$(inherited)",
				);
				GCC_PREPROCESSOR_DEFINITIONS = (
					"DEBUG=1",
					"$(inherited)",
				);
				INFOPLIST_FILE = settingsTestTests/Info.plist;
				LD_RUNPATH_SEARCH_PATHS = "$(inherited) @executable_path/Frameworks @loader_path/Frameworks";
				PRODUCT_NAME = "$(TARGET_NAME)";
				TEST_HOST = "$(BUILT_PRODUCTS_DIR)/settingsTest.app/settingsTest";
			};
			name = Debug;
		};
		3D845FBE1B7482890083FC52 /* Release */ = {
			isa = XCBuildConfiguration;
			buildSettings = {
				BUNDLE_LOADER = "$(TEST_HOST)";
				FRAMEWORK_SEARCH_PATHS = (
					"$(SDKROOT)/Developer/Library/Frameworks",
					"$(inherited)",
				);
				INFOPLIST_FILE = settingsTestTests/Info.plist;
				LD_RUNPATH_SEARCH_PATHS = "$(inherited) @executable_path/Frameworks @loader_path/Frameworks";
				PRODUCT_NAME = "$(TARGET_NAME)";
				TEST_HOST = "$(BUILT_PRODUCTS_DIR)/settingsTest.app/settingsTest";
			};
			name = Release;
		};
/* End XCBuildConfiguration section */

/* Begin XCConfigurationList section */
		3D845F911B7482890083FC52 /* Build configuration list for PBXProject "settingsTest" */ = {
			isa = XCConfigurationList;
			buildConfigurations = (
				3D845FB71B7482890083FC52 /* Debug */,
				3D845FB81B7482890083FC52 /* Release */,
			);
			defaultConfigurationIsVisible = 0;
			defaultConfigurationName = Release;
		};
		3D845FB91B7482890083FC52 /* Build configuration list for PBXNativeTarget "settingsTest" */ = {
			isa = XCConfigurationList;
			buildConfigurations = (
				3D845FBA1B7482890083FC52 /* Debug */,
				3D845FBB1B7482890083FC52 /* Release */,
			);
			defaultConfigurationIsVisible = 0;
			defaultConfigurationName = Release;
		};
		3D845FBC1B7482890083FC52 /* Build configuration list for PBXNativeTarget "settingsTestTests" */ = {
			isa = XCConfigurationList;
			buildConfigurations = (
				3D845FBD1B7482890083FC52 /* Debug */,
				3D845FBE1B7482890083FC52 /* Release */,
			);
			defaultConfigurationIsVisible = 0;
			defaultConfigurationName = Release;
		};
/* End XCConfigurationList section */
	};
	rootObject = 3D845F8E1B7482890083FC52 /* Project object */;
}
